
Microsoft Visual Studio Solution File, Format Version 12.00
# Visual Studio Version 17
VisualStudioVersion = 17.7.34031.279
MinimumVisualStudioVersion = 10.0.40219.1
Project("{9A19103F-16F7-4668-BE54-9A1E7A4F7556}") = "Ecommerce.PL", "Ecommerce.PL.csproj", "{A798B8AC-7151-4655-942A-88094C85337B}"
EndProject
Project("{FAE04EC0-301F-11D3-BF4B-00C04F79EFBC}") = "Ecommerce.DAL", "..\Ecommerce.DAL\Ecommerce.DAL.csproj", "{FE224122-4F6E-4B50-A398-B53B0D17D8DB}"
EndProject
Project("{FAE04EC0-301F-11D3-BF4B-00C04F79EFBC}") = "Ecommerce.BLL", "..\Ecommerce.BLL\Ecommerce.BLL.csproj", "{9B8114CD-9DC3-4DD8-A35C-3064C07D7212}"
EndProject
Global
	GlobalSection(SolutionConfigurationPlatforms) = preSolution
		Debug|Any CPU = Debug|Any CPU
		Release|Any CPU = Release|Any CPU
	EndGlobalSection
	GlobalSection(ProjectConfigurationPlatforms) = postSolution
		{A798B8AC-7151-4655-942A-88094C85337B}.Debug|Any CPU.ActiveCfg = Debug|Any CPU
		{A798B8AC-7151-4655-942A-88094C85337B}.Debug|Any CPU.Build.0 = Debug|Any CPU
		{A798B8AC-7151-4655-942A-88094C85337B}.Release|Any CPU.ActiveCfg = Release|Any CPU
		{A798B8AC-7151-4655-942A-88094C85337B}.Release|Any CPU.Build.0 = Release|Any CPU
		{FE224122-4F6E-4B50-A398-B53B0D17D8DB}.Debug|Any CPU.ActiveCfg = Debug|Any CPU
		{FE224122-4F6E-4B50-A398-B53B0D17D8DB}.Debug|Any CPU.Build.0 = Debug|Any CPU
		{FE224122-4F6E-4B50-A398-B53B0D17D8DB}.Release|Any CPU.ActiveCfg = Release|Any CPU
		{FE224122-4F6E-4B50-A398-B53B0D17D8DB}.Release|Any CPU.Build.0 = Release|Any CPU
		{9B8114CD-9DC3-4DD8-A35C-3064C07D7212}.Debug|Any CPU.ActiveCfg = Debug|Any CPU
		{9B8114CD-9DC3-4DD8-A35C-3064C07D7212}.Debug|Any CPU.Build.0 = Debug|Any CPU
		{9B8114CD-9DC3-4DD8-A35C-3064C07D7212}.Release|Any CPU.ActiveCfg = Release|Any CPU
		{9B8114CD-9DC3-4DD8-A35C-3064C07D7212}.Release|Any CPU.Build.0 = Release|Any CPU
	EndGlobalSection
	GlobalSection(SolutionProperties) = preSolution
		HideSolutionNode = FALSE
	EndGlobalSection
	GlobalSection(ExtensibilityGlobals) = postSolution
		SolutionGuid = {FF06AA3B-7E90-4DDE-9D6B-0DD2FDBBDB5C}
	EndGlobalSection
EndGlobal
